
Microsoft Visual Studio Solution File, Format Version 12.00
# Visual Studio Version 17
VisualStudioVersion = 17.5.002.0
MinimumVisualStudioVersion = 10.0.40219.1
Project("{9A19103F-16F7-4668-BE54-9A1E7A4F7556}") = "QuenteFrio", "QuenteFrio.csproj", "{92F7A5A4-280B-4B86-8B41-C13DAFF6A89E}"
EndProject
Global
	GlobalSection(SolutionConfigurationPlatforms) = preSolution
		Debug|Any CPU = Debug|Any CPU
		Release|Any CPU = Release|Any CPU
	EndGlobalSection
	GlobalSection(ProjectConfigurationPlatforms) = postSolution
		{92F7A5A4-280B-4B86-8B41-C13DAFF6A89E}.Debug|Any CPU.ActiveCfg = Debug|Any CPU
		{92F7A5A4-280B-4B86-8B41-C13DAFF6A89E}.Debug|Any CPU.Build.0 = Debug|Any CPU
		{92F7A5A4-280B-4B86-8B41-C13DAFF6A89E}.Release|Any CPU.ActiveCfg = Release|Any CPU
		{92F7A5A4-280B-4B86-8B41-C13DAFF6A89E}.Release|Any CPU.Build.0 = Release|Any CPU
	EndGlobalSection
	GlobalSection(SolutionProperties) = preSolution
		HideSolutionNode = FALSE
	EndGlobalSection
	GlobalSection(ExtensibilityGlobals) = postSolution
		SolutionGuid = {DF089995-02FD-43D9-89F5-2399A606AED4}
	EndGlobalSection
EndGlobal
